// !$*UTF8*$!
{
	archiveVersion = 1;
	classes = {
	};
	objectVersion = 48;
	objects = {

/* Begin PBXBuildFile section */
		4F77BBD35DCAE0DF21192753 /* Pods_flixTests.framework in Frameworks */ = {isa = PBXBuildFile; fileRef = 16B499F40BC5F7E4C7A99005 /* Pods_flixTests.framework */; };
		523BC5E22025872A002F0255 /* AppDelegate.swift in Sources */ = {isa = PBXBuildFile; fileRef = 523BC5E12025872A002F0255 /* AppDelegate.swift */; };
		523BC5E72025872A002F0255 /* Main.storyboard in Resources */ = {isa = PBXBuildFile; fileRef = 523BC5E52025872A002F0255 /* Main.storyboard */; };
		523BC5E92025872A002F0255 /* Assets.xcassets in Resources */ = {isa = PBXBuildFile; fileRef = 523BC5E82025872A002F0255 /* Assets.xcassets */; };
		523BC5EC2025872A002F0255 /* LaunchScreen.storyboard in Resources */ = {isa = PBXBuildFile; fileRef = 523BC5EA2025872A002F0255 /* LaunchScreen.storyboard */; };
		523BC5F72025872B002F0255 /* flixTests.swift in Sources */ = {isa = PBXBuildFile; fileRef = 523BC5F62025872B002F0255 /* flixTests.swift */; };
		523BC6022025872B002F0255 /* flixUITests.swift in Sources */ = {isa = PBXBuildFile; fileRef = 523BC6012025872B002F0255 /* flixUITests.swift */; };
		523BC61020264781002F0255 /* NowPlayingViewController.swift in Sources */ = {isa = PBXBuildFile; fileRef = 523BC60F20264781002F0255 /* NowPlayingViewController.swift */; };
		523BC612202699A1002F0255 /* MovieCell.swift in Sources */ = {isa = PBXBuildFile; fileRef = 523BC611202699A1002F0255 /* MovieCell.swift */; };
		527C9678202A81CF0025AA06 /* DetailViewController.swift in Sources */ = {isa = PBXBuildFile; fileRef = 527C9677202A81CF0025AA06 /* DetailViewController.swift */; };
		6D4B5C5E8270A6223593FE8F /* Pods_flixUITests.framework in Frameworks */ = {isa = PBXBuildFile; fileRef = 7C1F96E6A8BBBE02264F12BF /* Pods_flixUITests.framework */; };
		FAF8C2AAABE4951BA38E7DDB /* Pods_flix.framework in Frameworks */ = {isa = PBXBuildFile; fileRef = A3EE436A21A842B5F91B98E3 /* Pods_flix.framework */; };
/* End PBXBuildFile section */

/* Begin PBXContainerItemProxy section */
		523BC5F32025872A002F0255 /* PBXContainerItemProxy */ = {
			isa = PBXContainerItemProxy;
			containerPortal = 523BC5D62025872A002F0255 /* Project object */;
			proxyType = 1;
			remoteGlobalIDString = 523BC5DD2025872A002F0255;
			remoteInfo = flix;
		};
		523BC5FE2025872B002F0255 /* PBXContainerItemProxy */ = {
			isa = PBXContainerItemProxy;
			containerPortal = 523BC5D62025872A002F0255 /* Project object */;
			proxyType = 1;
			remoteGlobalIDString = 523BC5DD2025872A002F0255;
			remoteInfo = flix;
		};
/* End PBXContainerItemProxy section */

/* Begin PBXFileReference section */
		08445C33C7E5B1304C3714CD /* Pods-flixTests.release.xcconfig */ = {isa = PBXFileReference; includeInIndex = 1; lastKnownFileType = text.xcconfig; name = "Pods-flixTests.release.xcconfig"; path = "Pods/Target Support Files/Pods-flixTests/Pods-flixTests.release.xcconfig"; sourceTree = "<group>"; };
		16B499F40BC5F7E4C7A99005 /* Pods_flixTests.framework */ = {isa = PBXFileReference; explicitFileType = wrapper.framework; includeInIndex = 0; path = Pods_flixTests.framework; sourceTree = BUILT_PRODUCTS_DIR; };
		196699A4F6CB3BF5C69D83B4 /* Pods-flixUITests.debug.xcconfig */ = {isa = PBXFileReference; includeInIndex = 1; lastKnownFileType = text.xcconfig; name = "Pods-flixUITests.debug.xcconfig"; path = "Pods/Target Support Files/Pods-flixUITests/Pods-flixUITests.debug.xcconfig"; sourceTree = "<group>"; };
		40B913915D44DFED0DC36DE5 /* Pods-flixUITests.release.xcconfig */ = {isa = PBXFileReference; includeInIndex = 1; lastKnownFileType = text.xcconfig; name = "Pods-flixUITests.release.xcconfig"; path = "Pods/Target Support Files/Pods-flixUITests/Pods-flixUITests.release.xcconfig"; sourceTree = "<group>"; };
		4632274DB85E309A47BD0FCB /* Pods-flix.release.xcconfig */ = {isa = PBXFileReference; includeInIndex = 1; lastKnownFileType = text.xcconfig; name = "Pods-flix.release.xcconfig"; path = "Pods/Target Support Files/Pods-flix/Pods-flix.release.xcconfig"; sourceTree = "<group>"; };
		523BC5DE2025872A002F0255 /* flix.app */ = {isa = PBXFileReference; explicitFileType = wrapper.application; includeInIndex = 0; path = flix.app; sourceTree = BUILT_PRODUCTS_DIR; };
		523BC5E12025872A002F0255 /* AppDelegate.swift */ = {isa = PBXFileReference; lastKnownFileType = sourcecode.swift; path = AppDelegate.swift; sourceTree = "<group>"; };
		523BC5E62025872A002F0255 /* Base */ = {isa = PBXFileReference; lastKnownFileType = file.storyboard; name = Base; path = Base.lproj/Main.storyboard; sourceTree = "<group>"; };
		523BC5E82025872A002F0255 /* Assets.xcassets */ = {isa = PBXFileReference; lastKnownFileType = folder.assetcatalog; path = Assets.xcassets; sourceTree = "<group>"; };
		523BC5EB2025872A002F0255 /* Base */ = {isa = PBXFileReference; lastKnownFileType = file.storyboard; name = Base; path = Base.lproj/LaunchScreen.storyboard; sourceTree = "<group>"; };
		523BC5ED2025872A002F0255 /* Info.plist */ = {isa = PBXFileReference; lastKnownFileType = text.plist.xml; path = Info.plist; sourceTree = "<group>"; };
		523BC5F22025872A002F0255 /* flixTests.xctest */ = {isa = PBXFileReference; explicitFileType = wrapper.cfbundle; includeInIndex = 0; path = flixTests.xctest; sourceTree = BUILT_PRODUCTS_DIR; };
		523BC5F62025872B002F0255 /* flixTests.swift */ = {isa = PBXFileReference; lastKnownFileType = sourcecode.swift; path = flixTests.swift; sourceTree = "<group>"; };
		523BC5F82025872B002F0255 /* Info.plist */ = {isa = PBXFileReference; lastKnownFileType = text.plist.xml; path = Info.plist; sourceTree = "<group>"; };
		523BC5FD2025872B002F0255 /* flixUITests.xctest */ = {isa = PBXFileReference; explicitFileType = wrapper.cfbundle; includeInIndex = 0; path = flixUITests.xctest; sourceTree = BUILT_PRODUCTS_DIR; };
		523BC6012025872B002F0255 /* flixUITests.swift */ = {isa = PBXFileReference; lastKnownFileType = sourcecode.swift; path = flixUITests.swift; sourceTree = "<group>"; };
		523BC6032025872B002F0255 /* Info.plist */ = {isa = PBXFileReference; lastKnownFileType = text.plist.xml; path = Info.plist; sourceTree = "<group>"; };
		523BC60F20264781002F0255 /* NowPlayingViewController.swift */ = {isa = PBXFileReference; lastKnownFileType = sourcecode.swift; path = NowPlayingViewController.swift; sourceTree = "<group>"; };
		523BC611202699A1002F0255 /* MovieCell.swift */ = {isa = PBXFileReference; lastKnownFileType = sourcecode.swift; path = MovieCell.swift; sourceTree = "<group>"; };
		527C9677202A81CF0025AA06 /* DetailViewController.swift */ = {isa = PBXFileReference; lastKnownFileType = sourcecode.swift; path = DetailViewController.swift; sourceTree = "<group>"; };
		70C0BF70E8D605D551D90B2E /* Pods-flix.debug.xcconfig */ = {isa = PBXFileReference; includeInIndex = 1; lastKnownFileType = text.xcconfig; name = "Pods-flix.debug.xcconfig"; path = "Pods/Target Support Files/Pods-flix/Pods-flix.debug.xcconfig"; sourceTree = "<group>"; };
		7C1F96E6A8BBBE02264F12BF /* Pods_flixUITests.framework */ = {isa = PBXFileReference; explicitFileType = wrapper.framework; includeInIndex = 0; path = Pods_flixUITests.framework; sourceTree = BUILT_PRODUCTS_DIR; };
		A3EE436A21A842B5F91B98E3 /* Pods_flix.framework */ = {isa = PBXFileReference; explicitFileType = wrapper.framework; includeInIndex = 0; path = Pods_flix.framework; sourceTree = BUILT_PRODUCTS_DIR; };
		BC5D12A1BDEBAC0B1ECFFF0E /* Pods-flixTests.debug.xcconfig */ = {isa = PBXFileReference; includeInIndex = 1; lastKnownFileType = text.xcconfig; name = "Pods-flixTests.debug.xcconfig"; path = "Pods/Target Support Files/Pods-flixTests/Pods-flixTests.debug.xcconfig"; sourceTree = "<group>"; };
/* End PBXFileReference section */

/* Begin PBXFrameworksBuildPhase section */
		523BC5DB2025872A002F0255 /* Frameworks */ = {
			isa = PBXFrameworksBuildPhase;
			buildActionMask = 2147483647;
			files = (
				FAF8C2AAABE4951BA38E7DDB /* Pods_flix.framework in Frameworks */,
			);
			runOnlyForDeploymentPostprocessing = 0;
		};
		523BC5EF2025872A002F0255 /* Frameworks */ = {
			isa = PBXFrameworksBuildPhase;
			buildActionMask = 2147483647;
			files = (
				4F77BBD35DCAE0DF21192753 /* Pods_flixTests.framework in Frameworks */,
			);
			runOnlyForDeploymentPostprocessing = 0;
		};
		523BC5FA2025872B002F0255 /* Frameworks */ = {
			isa = PBXFrameworksBuildPhase;
			buildActionMask = 2147483647;
			files = (
				6D4B5C5E8270A6223593FE8F /* Pods_flixUITests.framework in Frameworks */,
			);
			runOnlyForDeploymentPostprocessing = 0;
		};
/* End PBXFrameworksBuildPhase section */

/* Begin PBXGroup section */
		523BC5D52025872A002F0255 = {
			isa = PBXGroup;
			children = (
				523BC5E02025872A002F0255 /* flix */,
				523BC5F52025872A002F0255 /* flixTests */,
				523BC6002025872B002F0255 /* flixUITests */,
				523BC5DF2025872A002F0255 /* Products */,
				9639BABDA8BF9330788B6966 /* Pods */,
				70714AE6D1854A9866ED2002 /* Frameworks */,
			);
			sourceTree = "<group>";
		};
		523BC5DF2025872A002F0255 /* Products */ = {
			isa = PBXGroup;
			children = (
				523BC5DE2025872A002F0255 /* flix.app */,
				523BC5F22025872A002F0255 /* flixTests.xctest */,
				523BC5FD2025872B002F0255 /* flixUITests.xctest */,
			);
			name = Products;
			sourceTree = "<group>";
		};
		523BC5E02025872A002F0255 /* flix */ = {
			isa = PBXGroup;
			children = (
				527C9676202A80BE0025AA06 /* Views */,
				527C9675202A80960025AA06 /* ViewControllers */,
				523BC5E12025872A002F0255 /* AppDelegate.swift */,
				523BC5E52025872A002F0255 /* Main.storyboard */,
				523BC5E82025872A002F0255 /* Assets.xcassets */,
				523BC5EA2025872A002F0255 /* LaunchScreen.storyboard */,
				523BC5ED2025872A002F0255 /* Info.plist */,
			);
			path = flix;
			sourceTree = "<group>";
		};
		523BC5F52025872A002F0255 /* flixTests */ = {
			isa = PBXGroup;
			children = (
				523BC5F62025872B002F0255 /* flixTests.swift */,
				523BC5F82025872B002F0255 /* Info.plist */,
			);
			path = flixTests;
			sourceTree = "<group>";
		};
		523BC6002025872B002F0255 /* flixUITests */ = {
			isa = PBXGroup;
			children = (
				523BC6012025872B002F0255 /* flixUITests.swift */,
				523BC6032025872B002F0255 /* Info.plist */,
			);
			path = flixUITests;
			sourceTree = "<group>";
		};
		527C9675202A80960025AA06 /* ViewControllers */ = {
			isa = PBXGroup;
			children = (
				523BC60F20264781002F0255 /* NowPlayingViewController.swift */,
				527C9677202A81CF0025AA06 /* DetailViewController.swift */,
			);
			path = ViewControllers;
			sourceTree = "<group>";
		};
		527C9676202A80BE0025AA06 /* Views */ = {
			isa = PBXGroup;
			children = (
				523BC611202699A1002F0255 /* MovieCell.swift */,
			);
			path = Views;
			sourceTree = "<group>";
		};
		70714AE6D1854A9866ED2002 /* Frameworks */ = {
			isa = PBXGroup;
			children = (
				A3EE436A21A842B5F91B98E3 /* Pods_flix.framework */,
				16B499F40BC5F7E4C7A99005 /* Pods_flixTests.framework */,
				7C1F96E6A8BBBE02264F12BF /* Pods_flixUITests.framework */,
			);
			name = Frameworks;
			sourceTree = "<group>";
		};
		9639BABDA8BF9330788B6966 /* Pods */ = {
			isa = PBXGroup;
			children = (
				70C0BF70E8D605D551D90B2E /* Pods-flix.debug.xcconfig */,
				4632274DB85E309A47BD0FCB /* Pods-flix.release.xcconfig */,
				BC5D12A1BDEBAC0B1ECFFF0E /* Pods-flixTests.debug.xcconfig */,
				08445C33C7E5B1304C3714CD /* Pods-flixTests.release.xcconfig */,
				196699A4F6CB3BF5C69D83B4 /* Pods-flixUITests.debug.xcconfig */,
				40B913915D44DFED0DC36DE5 /* Pods-flixUITests.release.xcconfig */,
			);
			name = Pods;
			sourceTree = "<group>";
		};
/* End PBXGroup section */

/* Begin PBXNativeTarget section */
		523BC5DD2025872A002F0255 /* flix */ = {
			isa = PBXNativeTarget;
			buildConfigurationList = 523BC6062025872B002F0255 /* Build configuration list for PBXNativeTarget "flix" */;
			buildPhases = (
				921F61D30A155F897A81882D /* [CP] Check Pods Manifest.lock */,
				523BC5DA2025872A002F0255 /* Sources */,
				523BC5DB2025872A002F0255 /* Frameworks */,
				523BC5DC2025872A002F0255 /* Resources */,
				1711066CAAFEC7DBF39F08EE /* [CP] Embed Pods Frameworks */,
				57D310662FE7DDE80D7205E0 /* [CP] Copy Pods Resources */,
			);
			buildRules = (
			);
			dependencies = (
			);
			name = flix;
			productName = flix;
			productReference = 523BC5DE2025872A002F0255 /* flix.app */;
			productType = "com.apple.product-type.application";
		};
		523BC5F12025872A002F0255 /* flixTests */ = {
			isa = PBXNativeTarget;
			buildConfigurationList = 523BC6092025872B002F0255 /* Build configuration list for PBXNativeTarget "flixTests" */;
			buildPhases = (
				164016629969B721D316F733 /* [CP] Check Pods Manifest.lock */,
				523BC5EE2025872A002F0255 /* Sources */,
				523BC5EF2025872A002F0255 /* Frameworks */,
				523BC5F02025872A002F0255 /* Resources */,
				17A25C62D911DA43094005D0 /* [CP] Embed Pods Frameworks */,
				20175181F863E8BCDB558982 /* [CP] Copy Pods Resources */,
			);
			buildRules = (
			);
			dependencies = (
				523BC5F42025872A002F0255 /* PBXTargetDependency */,
			);
			name = flixTests;
			productName = flixTests;
			productReference = 523BC5F22025872A002F0255 /* flixTests.xctest */;
			productType = "com.apple.product-type.bundle.unit-test";
		};
		523BC5FC2025872B002F0255 /* flixUITests */ = {
			isa = PBXNativeTarget;
			buildConfigurationList = 523BC60C2025872B002F0255 /* Build configuration list for PBXNativeTarget "flixUITests" */;
			buildPhases = (
				EF17D4BB694ABBDEFDB0EA49 /* [CP] Check Pods Manifest.lock */,
				523BC5F92025872B002F0255 /* Sources */,
				523BC5FA2025872B002F0255 /* Frameworks */,
				523BC5FB2025872B002F0255 /* Resources */,
				F62111DDAC423680C5A75EA9 /* [CP] Embed Pods Frameworks */,
				72872C90EC0C405F57C1D9BD /* [CP] Copy Pods Resources */,
			);
			buildRules = (
			);
			dependencies = (
				523BC5FF2025872B002F0255 /* PBXTargetDependency */,
			);
			name = flixUITests;
			productName = flixUITests;
			productReference = 523BC5FD2025872B002F0255 /* flixUITests.xctest */;
			productType = "com.apple.product-type.bundle.ui-testing";
		};
/* End PBXNativeTarget section */

/* Begin PBXProject section */
		523BC5D62025872A002F0255 /* Project object */ = {
			isa = PBXProject;
			attributes = {
				LastSwiftUpdateCheck = 0920;
				LastUpgradeCheck = 0920;
				ORGANIZATIONNAME = "Han Chi";
				TargetAttributes = {
					523BC5DD2025872A002F0255 = {
						CreatedOnToolsVersion = 9.2;
						ProvisioningStyle = Automatic;
					};
					523BC5F12025872A002F0255 = {
						CreatedOnToolsVersion = 9.2;
						ProvisioningStyle = Automatic;
						TestTargetID = 523BC5DD2025872A002F0255;
					};
					523BC5FC2025872B002F0255 = {
						CreatedOnToolsVersion = 9.2;
						ProvisioningStyle = Automatic;
						TestTargetID = 523BC5DD2025872A002F0255;
					};
				};
			};
			buildConfigurationList = 523BC5D92025872A002F0255 /* Build configuration list for PBXProject "flix" */;
			compatibilityVersion = "Xcode 8.0";
			developmentRegion = en;
			hasScannedForEncodings = 0;
			knownRegions = (
				en,
				Base,
			);
			mainGroup = 523BC5D52025872A002F0255;
			productRefGroup = 523BC5DF2025872A002F0255 /* Products */;
			projectDirPath = "";
			projectRoot = "";
			targets = (
				523BC5DD2025872A002F0255 /* flix */,
				523BC5F12025872A002F0255 /* flixTests */,
				523BC5FC2025872B002F0255 /* flixUITests */,
			);
		};
/* End PBXProject section */

/* Begin PBXResourcesBuildPhase section */
		523BC5DC2025872A002F0255 /* Resources */ = {
			isa = PBXResourcesBuildPhase;
			buildActionMask = 2147483647;
			files = (
				523BC5EC2025872A002F0255 /* LaunchScreen.storyboard in Resources */,
				523BC5E92025872A002F0255 /* Assets.xcassets in Resources */,
				523BC5E72025872A002F0255 /* Main.storyboard in Resources */,
			);
			runOnlyForDeploymentPostprocessing = 0;
		};
		523BC5F02025872A002F0255 /* Resources */ = {
			isa = PBXResourcesBuildPhase;
			buildActionMask = 2147483647;
			files = (
			);
			runOnlyForDeploymentPostprocessing = 0;
		};
		523BC5FB2025872B002F0255 /* Resources */ = {
			isa = PBXResourcesBuildPhase;
			buildActionMask = 2147483647;
			files = (
			);
			runOnlyForDeploymentPostprocessing = 0;
		};
/* End PBXResourcesBuildPhase section */

/* Begin PBXShellScriptBuildPhase section */
		164016629969B721D316F733 /* [CP] Check Pods Manifest.lock */ = {
			isa = PBXShellScriptBuildPhase;
			buildActionMask = 2147483647;
			files = (
			);
			inputPaths = (
				"${PODS_PODFILE_DIR_PATH}/Podfile.lock",
				"${PODS_ROOT}/Manifest.lock",
			);
			name = "[CP] Check Pods Manifest.lock";
			outputPaths = (
				"$(DERIVED_FILE_DIR)/Pods-flixTests-checkManifestLockResult.txt",
			);
			runOnlyForDeploymentPostprocessing = 0;
			shellPath = /bin/sh;
			shellScript = "diff \"${PODS_PODFILE_DIR_PATH}/Podfile.lock\" \"${PODS_ROOT}/Manifest.lock\" > /dev/null\nif [ $? != 0 ] ; then\n    # print error to STDERR\n    echo \"error: The sandbox is not in sync with the Podfile.lock. Run 'pod install' or update your CocoaPods installation.\" >&2\n    exit 1\nfi\n# This output is used by Xcode 'outputs' to avoid re-running this script phase.\necho \"SUCCESS\" > \"${SCRIPT_OUTPUT_FILE_0}\"\n";
			showEnvVarsInLog = 0;
		};
		1711066CAAFEC7DBF39F08EE /* [CP] Embed Pods Frameworks */ = {
			isa = PBXShellScriptBuildPhase;
			buildActionMask = 2147483647;
			files = (
			);
			inputPaths = (
				"${SRCROOT}/Pods/Target Support Files/Pods-flix/Pods-flix-frameworks.sh",
				"${BUILT_PRODUCTS_DIR}/Alamofire/Alamofire.framework",
				"${BUILT_PRODUCTS_DIR}/AlamofireImage/AlamofireImage.framework",
				"${BUILT_PRODUCTS_DIR}/PKHUD/PKHUD.framework",
			);
			name = "[CP] Embed Pods Frameworks";
			outputPaths = (
				"${TARGET_BUILD_DIR}/${FRAMEWORKS_FOLDER_PATH}/Alamofire.framework",
				"${TARGET_BUILD_DIR}/${FRAMEWORKS_FOLDER_PATH}/AlamofireImage.framework",
				"${TARGET_BUILD_DIR}/${FRAMEWORKS_FOLDER_PATH}/PKHUD.framework",
			);
			runOnlyForDeploymentPostprocessing = 0;
			shellPath = /bin/sh;
			shellScript = "\"${SRCROOT}/Pods/Target Support Files/Pods-flix/Pods-flix-frameworks.sh\"\n";
			showEnvVarsInLog = 0;
		};
		17A25C62D911DA43094005D0 /* [CP] Embed Pods Frameworks */ = {
			isa = PBXShellScriptBuildPhase;
			buildActionMask = 2147483647;
			files = (
			);
			inputPaths = (
			);
			name = "[CP] Embed Pods Frameworks";
			outputPaths = (
			);
			runOnlyForDeploymentPostprocessing = 0;
			shellPath = /bin/sh;
			shellScript = "\"${SRCROOT}/Pods/Target Support Files/Pods-flixTests/Pods-flixTests-frameworks.sh\"\n";
			showEnvVarsInLog = 0;
		};
		20175181F863E8BCDB558982 /* [CP] Copy Pods Resources */ = {
			isa = PBXShellScriptBuildPhase;
			buildActionMask = 2147483647;
			files = (
			);
			inputPaths = (
			);
			name = "[CP] Copy Pods Resources";
			outputPaths = (
			);
			runOnlyForDeploymentPostprocessing = 0;
			shellPath = /bin/sh;
			shellScript = "\"${SRCROOT}/Pods/Target Support Files/Pods-flixTests/Pods-flixTests-resources.sh\"\n";
			showEnvVarsInLog = 0;
		};
		57D310662FE7DDE80D7205E0 /* [CP] Copy Pods Resources */ = {
			isa = PBXShellScriptBuildPhase;
			buildActionMask = 2147483647;
			files = (
			);
			inputPaths = (
			);
			name = "[CP] Copy Pods Resources";
			outputPaths = (
			);
			runOnlyForDeploymentPostprocessing = 0;
			shellPath = /bin/sh;
			shellScript = "\"${SRCROOT}/Pods/Target Support Files/Pods-flix/Pods-flix-resources.sh\"\n";
			showEnvVarsInLog = 0;
		};
		72872C90EC0C405F57C1D9BD /* [CP] Copy Pods Resources */ = {
			isa = PBXShellScriptBuildPhase;
			buildActionMask = 2147483647;
			files = (
			);
			inputPaths = (
			);
			name = "[CP] Copy Pods Resources";
			outputPaths = (
			);
			runOnlyForDeploymentPostprocessing = 0;
			shellPath = /bin/sh;
			shellScript = "\"${SRCROOT}/Pods/Target Support Files/Pods-flixUITests/Pods-flixUITests-resources.sh\"\n";
			showEnvVarsInLog = 0;
		};
		921F61D30A155F897A81882D /* [CP] Check Pods Manifest.lock */ = {
			isa = PBXShellScriptBuildPhase;
			buildActionMask = 2147483647;
			files = (
			);
			inputPaths = (
				"${PODS_PODFILE_DIR_PATH}/Podfile.lock",
				"${PODS_ROOT}/Manifest.lock",
			);
			name = "[CP] Check Pods Manifest.lock";
			outputPaths = (
				"$(DERIVED_FILE_DIR)/Pods-flix-checkManifestLockResult.txt",
			);
			runOnlyForDeploymentPostprocessing = 0;
			shellPath = /bin/sh;
			shellScript = "diff \"${PODS_PODFILE_DIR_PATH}/Podfile.lock\" \"${PODS_ROOT}/Manifest.lock\" > /dev/null\nif [ $? != 0 ] ; then\n    # print error to STDERR\n    echo \"error: The sandbox is not in sync with the Podfile.lock. Run 'pod install' or update your CocoaPods installation.\" >&2\n    exit 1\nfi\n# This output is used by Xcode 'outputs' to avoid re-running this script phase.\necho \"SUCCESS\" > \"${SCRIPT_OUTPUT_FILE_0}\"\n";
			showEnvVarsInLog = 0;
		};
		EF17D4BB694ABBDEFDB0EA49 /* [CP] Check Pods Manifest.lock */ = {
			isa = PBXShellScriptBuildPhase;
			buildActionMask = 2147483647;
			files = (
			);
			inputPaths = (
				"${PODS_PODFILE_DIR_PATH}/Podfile.lock",
				"${PODS_ROOT}/Manifest.lock",
			);
			name = "[CP] Check Pods Manifest.lock";
			outputPaths = (
				"$(DERIVED_FILE_DIR)/Pods-flixUITests-checkManifestLockResult.txt",
			);
			runOnlyForDeploymentPostprocessing = 0;
			shellPath = /bin/sh;
			shellScript = "diff \"${PODS_PODFILE_DIR_PATH}/Podfile.lock\" \"${PODS_ROOT}/Manifest.lock\" > /dev/null\nif [ $? != 0 ] ; then\n    # print error to STDERR\n    echo \"error: The sandbox is not in sync with the Podfile.lock. Run 'pod install' or update your CocoaPods installation.\" >&2\n    exit 1\nfi\n# This output is used by Xcode 'outputs' to avoid re-running this script phase.\necho \"SUCCESS\" > \"${SCRIPT_OUTPUT_FILE_0}\"\n";
			showEnvVarsInLog = 0;
		};
		F62111DDAC423680C5A75EA9 /* [CP] Embed Pods Frameworks */ = {
			isa = PBXShellScriptBuildPhase;
			buildActionMask = 2147483647;
			files = (
			);
			inputPaths = (
			);
			name = "[CP] Embed Pods Frameworks";
			outputPaths = (
			);
			runOnlyForDeploymentPostprocessing = 0;
			shellPath = /bin/sh;
			shellScript = "\"${SRCROOT}/Pods/Target Support Files/Pods-flixUITests/Pods-flixUITests-frameworks.sh\"\n";
			showEnvVarsInLog = 0;
		};
/* End PBXShellScriptBuildPhase section */

/* Begin PBXSourcesBuildPhase section */
		523BC5DA2025872A002F0255 /* Sources */ = {
			isa = PBXSourcesBuildPhase;
			buildActionMask = 2147483647;
			files = (
				523BC61020264781002F0255 /* NowPlayingViewController.swift in Sources */,
				523BC5E22025872A002F0255 /* AppDelegate.swift in Sources */,
				523BC612202699A1002F0255 /* MovieCell.swift in Sources */,
				527C9678202A81CF0025AA06 /* DetailViewController.swift in Sources */,
			);
			runOnlyForDeploymentPostprocessing = 0;
		};
		523BC5EE2025872A002F0255 /* Sources */ = {
			isa = PBXSourcesBuildPhase;
			buildActionMask = 2147483647;
			files = (
				523BC5F72025872B002F0255 /* flixTests.swift in Sources */,
			);
			runOnlyForDeploymentPostprocessing = 0;
		};
		523BC5F92025872B002F0255 /* Sources */ = {
			isa = PBXSourcesBuildPhase;
			buildActionMask = 2147483647;
			files = (
				523BC6022025872B002F0255 /* flixUITests.swift in Sources */,
			);
			runOnlyForDeploymentPostprocessing = 0;
		};
/* End PBXSourcesBuildPhase section */

/* Begin PBXTargetDependency section */
		523BC5F42025872A002F0255 /* PBXTargetDependency */ = {
			isa = PBXTargetDependency;
			target = 523BC5DD2025872A002F0255 /* flix */;
			targetProxy = 523BC5F32025872A002F0255 /* PBXContainerItemProxy */;
		};
		523BC5FF2025872B002F0255 /* PBXTargetDependency */ = {
			isa = PBXTargetDependency;
			target = 523BC5DD2025872A002F0255 /* flix */;
			targetProxy = 523BC5FE2025872B002F0255 /* PBXContainerItemProxy */;
		};
/* End PBXTargetDependency section */

/* Begin PBXVariantGroup section */
		523BC5E52025872A002F0255 /* Main.storyboard */ = {
			isa = PBXVariantGroup;
			children = (
				523BC5E62025872A002F0255 /* Base */,
			);
			name = Main.storyboard;
			sourceTree = "<group>";
		};
		523BC5EA2025872A002F0255 /* LaunchScreen.storyboard */ = {
			isa = PBXVariantGroup;
			children = (
				523BC5EB2025872A002F0255 /* Base */,
			);
			name = LaunchScreen.storyboard;
			sourceTree = "<group>";
		};
/* End PBXVariantGroup section */

/* Begin XCBuildConfiguration section */
		523BC6042025872B002F0255 /* Debug */ = {
			isa = XCBuildConfiguration;
			buildSettings = {
				ALWAYS_SEARCH_USER_PATHS = NO;
				CLANG_ANALYZER_NONNULL = YES;
				CLANG_ANALYZER_NUMBER_OBJECT_CONVERSION = YES_AGGRESSIVE;
				CLANG_CXX_LANGUAGE_STANDARD = "gnu++14";
				CLANG_CXX_LIBRARY = "libc++";
				CLANG_ENABLE_MODULES = YES;
				CLANG_ENABLE_OBJC_ARC = YES;
				CLANG_WARN_BLOCK_CAPTURE_AUTORELEASING = YES;
				CLANG_WARN_BOOL_CONVERSION = YES;
				CLANG_WARN_COMMA = YES;
				CLANG_WARN_CONSTANT_CONVERSION = YES;
				CLANG_WARN_DIRECT_OBJC_ISA_USAGE = YES_ERROR;
				CLANG_WARN_DOCUMENTATION_COMMENTS = YES;
				CLANG_WARN_EMPTY_BODY = YES;
				CLANG_WARN_ENUM_CONVERSION = YES;
				CLANG_WARN_INFINITE_RECURSION = YES;
				CLANG_WARN_INT_CONVERSION = YES;
				CLANG_WARN_NON_LITERAL_NULL_CONVERSION = YES;
				CLANG_WARN_OBJC_LITERAL_CONVERSION = YES;
				CLANG_WARN_OBJC_ROOT_CLASS = YES_ERROR;
				CLANG_WARN_RANGE_LOOP_ANALYSIS = YES;
				CLANG_WARN_STRICT_PROTOTYPES = YES;
				CLANG_WARN_SUSPICIOUS_MOVE = YES;
				CLANG_WARN_UNGUARDED_AVAILABILITY = YES_AGGRESSIVE;
				CLANG_WARN_UNREACHABLE_CODE = YES;
				CLANG_WARN__DUPLICATE_METHOD_MATCH = YES;
				CODE_SIGN_IDENTITY = "iPhone Developer";
				COPY_PHASE_STRIP = NO;
				DEBUG_INFORMATION_FORMAT = dwarf;
				ENABLE_STRICT_OBJC_MSGSEND = YES;
				ENABLE_TESTABILITY = YES;
				GCC_C_LANGUAGE_STANDARD = gnu11;
				GCC_DYNAMIC_NO_PIC = NO;
				GCC_NO_COMMON_BLOCKS = YES;
				GCC_OPTIMIZATION_LEVEL = 0;
				GCC_PREPROCESSOR_DEFINITIONS = (
					"DEBUG=1",
					"$(inherited)",
				);
				GCC_WARN_64_TO_32_BIT_CONVERSION = YES;
				GCC_WARN_ABOUT_RETURN_TYPE = YES_ERROR;
				GCC_WARN_UNDECLARED_SELECTOR = YES;
				GCC_WARN_UNINITIALIZED_AUTOS = YES_AGGRESSIVE;
				GCC_WARN_UNUSED_FUNCTION = YES;
				GCC_WARN_UNUSED_VARIABLE = YES;
				IPHONEOS_DEPLOYMENT_TARGET = 11.2;
				MTL_ENABLE_DEBUG_INFO = YES;
				ONLY_ACTIVE_ARCH = YES;
				SDKROOT = iphoneos;
				SWIFT_ACTIVE_COMPILATION_CONDITIONS = DEBUG;
				SWIFT_OPTIMIZATION_LEVEL = "-Onone";
			};
			name = Debug;
		};
		523BC6052025872B002F0255 /* Release */ = {
			isa = XCBuildConfiguration;
			buildSettings = {
				ALWAYS_SEARCH_USER_PATHS = NO;
				CLANG_ANALYZER_NONNULL = YES;
				CLANG_ANALYZER_NUMBER_OBJECT_CONVERSION = YES_AGGRESSIVE;
				CLANG_CXX_LANGUAGE_STANDARD = "gnu++14";
				CLANG_CXX_LIBRARY = "libc++";
				CLANG_ENABLE_MODULES = YES;
				CLANG_ENABLE_OBJC_ARC = YES;
				CLANG_WARN_BLOCK_CAPTURE_AUTORELEASING = YES;
				CLANG_WARN_BOOL_CONVERSION = YES;
				CLANG_WARN_COMMA = YES;
				CLANG_WARN_CONSTANT_CONVERSION = YES;
				CLANG_WARN_DIRECT_OBJC_ISA_USAGE = YES_ERROR;
				CLANG_WARN_DOCUMENTATION_COMMENTS = YES;
				CLANG_WARN_EMPTY_BODY = YES;
				CLANG_WARN_ENUM_CONVERSION = YES;
				CLANG_WARN_INFINITE_RECURSION = YES;
				CLANG_WARN_INT_CONVERSION = YES;
				CLANG_WARN_NON_LITERAL_NULL_CONVERSION = YES;
				CLANG_WARN_OBJC_LITERAL_CONVERSION = YES;
				CLANG_WARN_OBJC_ROOT_CLASS = YES_ERROR;
				CLANG_WARN_RANGE_LOOP_ANALYSIS = YES;
				CLANG_WARN_STRICT_PROTOTYPES = YES;
				CLANG_WARN_SUSPICIOUS_MOVE = YES;
				CLANG_WARN_UNGUARDED_AVAILABILITY = YES_AGGRESSIVE;
				CLANG_WARN_UNREACHABLE_CODE = YES;
				CLANG_WARN__DUPLICATE_METHOD_MATCH = YES;
				CODE_SIGN_IDENTITY = "iPhone Developer";
				COPY_PHASE_STRIP = NO;
				DEBUG_INFORMATION_FORMAT = "dwarf-with-dsym";
				ENABLE_NS_ASSERTIONS = NO;
				ENABLE_STRICT_OBJC_MSGSEND = YES;
				GCC_C_LANGUAGE_STANDARD = gnu11;
				GCC_NO_COMMON_BLOCKS = YES;
				GCC_WARN_64_TO_32_BIT_CONVERSION = YES;
				GCC_WARN_ABOUT_RETURN_TYPE = YES_ERROR;
				GCC_WARN_UNDECLARED_SELECTOR = YES;
				GCC_WARN_UNINITIALIZED_AUTOS = YES_AGGRESSIVE;
				GCC_WARN_UNUSED_FUNCTION = YES;
				GCC_WARN_UNUSED_VARIABLE = YES;
				IPHONEOS_DEPLOYMENT_TARGET = 11.2;
				MTL_ENABLE_DEBUG_INFO = NO;
				SDKROOT = iphoneos;
				SWIFT_OPTIMIZATION_LEVEL = "-Owholemodule";
				VALIDATE_PRODUCT = YES;
			};
			name = Release;
		};
		523BC6072025872B002F0255 /* Debug */ = {
			isa = XCBuildConfiguration;
			baseConfigurationReference = 70C0BF70E8D605D551D90B2E /* Pods-flix.debug.xcconfig */;
			buildSettings = {
				ASSETCATALOG_COMPILER_APPICON_NAME = AppIcon;
				CODE_SIGN_STYLE = Automatic;
				INFOPLIST_FILE = flix/Info.plist;
				LD_RUNPATH_SEARCH_PATHS = "$(inherited) @executable_path/Frameworks";
				PRODUCT_BUNDLE_IDENTIFIER = Han.flix;
				PRODUCT_NAME = "$(TARGET_NAME)";
				SWIFT_VERSION = 4.0;
				TARGETED_DEVICE_FAMILY = "1,2";
			};
			name = Debug;
		};
		523BC6082025872B002F0255 /* Release */ = {
			isa = XCBuildConfiguration;
			baseConfigurationReference = 4632274DB85E309A47BD0FCB /* Pods-flix.release.xcconfig */;
			buildSettings = {
				ASSETCATALOG_COMPILER_APPICON_NAME = AppIcon;
				CODE_SIGN_STYLE = Automatic;
				INFOPLIST_FILE = flix/Info.plist;
				LD_RUNPATH_SEARCH_PATHS = "$(inherited) @executable_path/Frameworks";
				PRODUCT_BUNDLE_IDENTIFIER = Han.flix;
				PRODUCT_NAME = "$(TARGET_NAME)";
				SWIFT_VERSION = 4.0;
				TARGETED_DEVICE_FAMILY = "1,2";
			};
			name = Release;
		};
		523BC60A2025872B002F0255 /* Debug */ = {
			isa = XCBuildConfiguration;
			baseConfigurationReference = BC5D12A1BDEBAC0B1ECFFF0E /* Pods-flixTests.debug.xcconfig */;
			buildSettings = {
				ALWAYS_EMBED_SWIFT_STANDARD_LIBRARIES = YES;
				BUNDLE_LOADER = "$(TEST_HOST)";
				CODE_SIGN_STYLE = Automatic;
				INFOPLIST_FILE = flixTests/Info.plist;
				LD_RUNPATH_SEARCH_PATHS = "$(inherited) @executable_path/Frameworks @loader_path/Frameworks";
				PRODUCT_BUNDLE_IDENTIFIER = Han.flixTests;
				PRODUCT_NAME = "$(TARGET_NAME)";
				SWIFT_VERSION = 4.0;
				TARGETED_DEVICE_FAMILY = "1,2";
				TEST_HOST = "$(BUILT_PRODUCTS_DIR)/flix.app/flix";
			};
			name = Debug;
		};
		523BC60B2025872B002F0255 /* Release */ = {
			isa = XCBuildConfiguration;
			baseConfigurationReference = 08445C33C7E5B1304C3714CD /* Pods-flixTests.release.xcconfig */;
			buildSettings = {
				ALWAYS_EMBED_SWIFT_STANDARD_LIBRARIES = YES;
				BUNDLE_LOADER = "$(TEST_HOST)";
				CODE_SIGN_STYLE = Automatic;
				INFOPLIST_FILE = flixTests/Info.plist;
				LD_RUNPATH_SEARCH_PATHS = "$(inherited) @executable_path/Frameworks @loader_path/Frameworks";
				PRODUCT_BUNDLE_IDENTIFIER = Han.flixTests;
				PRODUCT_NAME = "$(TARGET_NAME)";
				SWIFT_VERSION = 4.0;
				TARGETED_DEVICE_FAMILY = "1,2";
				TEST_HOST = "$(BUILT_PRODUCTS_DIR)/flix.app/flix";
			};
			name = Release;
		};
		523BC60D2025872B002F0255 /* Debug */ = {
			isa = XCBuildConfiguration;
			baseConfigurationReference = 196699A4F6CB3BF5C69D83B4 /* Pods-flixUITests.debug.xcconfig */;
			buildSettings = {
				ALWAYS_EMBED_SWIFT_STANDARD_LIBRARIES = YES;
				CODE_SIGN_STYLE = Automatic;
				INFOPLIST_FILE = flixUITests/Info.plist;
				LD_RUNPATH_SEARCH_PATHS = "$(inherited) @executable_path/Frameworks @loader_path/Frameworks";
				PRODUCT_BUNDLE_IDENTIFIER = Han.flixUITests;
				PRODUCT_NAME = "$(TARGET_NAME)";
				SWIFT_VERSION = 4.0;
				TARGETED_DEVICE_FAMILY = "1,2";
				TEST_TARGET_NAME = flix;
			};
			name = Debug;
		};
		523BC60E2025872B002F0255 /* Release */ = {
			isa = XCBuildConfiguration;
			baseConfigurationReference = 40B913915D44DFED0DC36DE5 /* Pods-flixUITests.release.xcconfig */;
			buildSettings = {
				ALWAYS_EMBED_SWIFT_STANDARD_LIBRARIES = YES;
				CODE_SIGN_STYLE = Automatic;
				INFOPLIST_FILE = flixUITests/Info.plist;
				LD_RUNPATH_SEARCH_PATHS = "$(inherited) @executable_path/Frameworks @loader_path/Frameworks";
				PRODUCT_BUNDLE_IDENTIFIER = Han.flixUITests;
				PRODUCT_NAME = "$(TARGET_NAME)";
				SWIFT_VERSION = 4.0;
				TARGETED_DEVICE_FAMILY = "1,2";
				TEST_TARGET_NAME = flix;
			};
			name = Release;
		};
/* End XCBuildConfiguration section */

/* Begin XCConfigurationList section */
		523BC5D92025872A002F0255 /* Build configuration list for PBXProject "flix" */ = {
			isa = XCConfigurationList;
			buildConfigurations = (
				523BC6042025872B002F0255 /* Debug */,
				523BC6052025872B002F0255 /* Release */,
			);
			defaultConfigurationIsVisible = 0;
			defaultConfigurationName = Release;
		};
		523BC6062025872B002F0255 /* Build configuration list for PBXNativeTarget "flix" */ = {
			isa = XCConfigurationList;
			buildConfigurations = (
				523BC6072025872B002F0255 /* Debug */,
				523BC6082025872B002F0255 /* Release */,
			);
			defaultConfigurationIsVisible = 0;
			defaultConfigurationName = Release;
		};
		523BC6092025872B002F0255 /* Build configuration list for PBXNativeTarget "flixTests" */ = {
			isa = XCConfigurationList;
			buildConfigurations = (
				523BC60A2025872B002F0255 /* Debug */,
				523BC60B2025872B002F0255 /* Release */,
			);
			defaultConfigurationIsVisible = 0;
			defaultConfigurationName = Release;
		};
		523BC60C2025872B002F0255 /* Build configuration list for PBXNativeTarget "flixUITests" */ = {
			isa = XCConfigurationList;
			buildConfigurations = (
				523BC60D2025872B002F0255 /* Debug */,
				523BC60E2025872B002F0255 /* Release */,
			);
			defaultConfigurationIsVisible = 0;
			defaultConfigurationName = Release;
		};
/* End XCConfigurationList section */
	};
	rootObject = 523BC5D62025872A002F0255 /* Project object */;
}
